
Microsoft Visual Studio Solution File, Format Version 12.00
# Visual Studio Version 16
VisualStudioVersion = 16.0.29613.14
MinimumVisualStudioVersion = 10.0.40219.1
Project("{FAE04EC0-301F-11D3-BF4B-00C04F79EFBC}") = "RolePlayingGame.Engine", "RolePlayingGame.Engine\RolePlayingGame.Engine.csproj", "{9B3ACE3A-EBFE-414C-93AD-F0D4C44479CD}"
EndProject
Project("{FAE04EC0-301F-11D3-BF4B-00C04F79EFBC}") = "RolePlayingGame", "RolePlayingGame\RolePlayingGame.csproj", "{27D36AA3-DB30-4CF6-8C95-6AC11B05B965}"
EndProject
Project("{FAE04EC0-301F-11D3-BF4B-00C04F79EFBC}") = "RolePlayingGame.Engine.UnitTests", "RolePlayingGame.Engine.UnitTests\RolePlayingGame.Engine.UnitTests.csproj", "{8F594D1D-E24A-4E6E-9F0F-B377502DB434}"
EndProject
Global
	GlobalSection(SolutionConfigurationPlatforms) = preSolution
		Debug|Any CPU = Debug|Any CPU
		Release|Any CPU = Release|Any CPU
	EndGlobalSection
	GlobalSection(ProjectConfigurationPlatforms) = postSolution
		{9B3ACE3A-EBFE-414C-93AD-F0D4C44479CD}.Debug|Any CPU.ActiveCfg = Debug|Any CPU
		{9B3ACE3A-EBFE-414C-93AD-F0D4C44479CD}.Debug|Any CPU.Build.0 = Debug|Any CPU
		{9B3ACE3A-EBFE-414C-93AD-F0D4C44479CD}.Release|Any CPU.ActiveCfg = Release|Any CPU
		{9B3ACE3A-EBFE-414C-93AD-F0D4C44479CD}.Release|Any CPU.Build.0 = Release|Any CPU
		{27D36AA3-DB30-4CF6-8C95-6AC11B05B965}.Debug|Any CPU.ActiveCfg = Debug|Any CPU
		{27D36AA3-DB30-4CF6-8C95-6AC11B05B965}.Debug|Any CPU.Build.0 = Debug|Any CPU
		{27D36AA3-DB30-4CF6-8C95-6AC11B05B965}.Release|Any CPU.ActiveCfg = Release|Any CPU
		{27D36AA3-DB30-4CF6-8C95-6AC11B05B965}.Release|Any CPU.Build.0 = Release|Any CPU
		{8F594D1D-E24A-4E6E-9F0F-B377502DB434}.Debug|Any CPU.ActiveCfg = Debug|Any CPU
		{8F594D1D-E24A-4E6E-9F0F-B377502DB434}.Debug|Any CPU.Build.0 = Debug|Any CPU
		{8F594D1D-E24A-4E6E-9F0F-B377502DB434}.Release|Any CPU.ActiveCfg = Release|Any CPU
		{8F594D1D-E24A-4E6E-9F0F-B377502DB434}.Release|Any CPU.Build.0 = Release|Any CPU
	EndGlobalSection
	GlobalSection(SolutionProperties) = preSolution
		HideSolutionNode = FALSE
	EndGlobalSection
	GlobalSection(ExtensibilityGlobals) = postSolution
		SolutionGuid = {6B4BA6CE-0392-4B64-BFB3-A034320CEC7E}
	EndGlobalSection
EndGlobal
